lockfileVersion: '6.0'

settings:
  autoInstallPeers: true
  excludeLinksFromLockfile: false

devDependencies:
  uglify-js:
    specifier: ^3.17.4
    version: 3.17.4

packages:

  /uglify-js@3.17.4:
    resolution: {integrity: sha512-T9q82TJI9e/C1TAxYvfb16xO120tMVFZrGA3f9/P4424DNu6ypK103y0GPFVa17yotwSyZW5iYXgjYHkGrJW/g==}
    engines: {node: '>=0.8.0'}
    hasBin: true
    dev: true
